
Microsoft Visual Studio Solution File, Format Version 12.00
# Visual Studio 15
VisualStudioVersion = 15.0.28307.757
MinimumVisualStudioVersion = 10.0.40219.1
Project("{FAE04EC0-301F-11D3-BF4B-00C04F79EFBC}") = "MessagingServerBaseCode", "MessagingServerBaseCode\MessagingServerBaseCode.csproj", "{ACB124A1-29B2-4BCA-B1F9-989912326CF7}"
EndProject
Global
	GlobalSection(SolutionConfigurationPlatforms) = preSolution
		Debug|Any CPU = Debug|Any CPU
		Release|Any CPU = Release|Any CPU
	EndGlobalSection
	GlobalSection(ProjectConfigurationPlatforms) = postSolution
		{ACB124A1-29B2-4BCA-B1F9-989912326CF7}.Debug|Any CPU.ActiveCfg = Debug|Any CPU
		{ACB124A1-29B2-4BCA-B1F9-989912326CF7}.Debug|Any CPU.Build.0 = Debug|Any CPU
		{ACB124A1-29B2-4BCA-B1F9-989912326CF7}.Release|Any CPU.ActiveCfg = Release|Any CPU
		{ACB124A1-29B2-4BCA-B1F9-989912326CF7}.Release|Any CPU.Build.0 = Release|Any CPU
	EndGlobalSection
	GlobalSection(SolutionProperties) = preSolution
		HideSolutionNode = FALSE
	EndGlobalSection
	GlobalSection(ExtensibilityGlobals) = postSolution
		SolutionGuid = {6F8E7E1E-6C40-48E0-A0AC-4DF5598835C7}
	EndGlobalSection
EndGlobal
